
Microsoft Visual Studio Solution File, Format Version 12.00
# Visual Studio Version 16
VisualStudioVersion = 16.0.31624.102
MinimumVisualStudioVersion = 10.0.40219.1
Project("{FAE04EC0-301F-11D3-BF4B-00C04F79EFBC}") = "BlazorCRUDApp.Server", "BlazorCRUDApp\Server\BlazorCRUDApp.Server.csproj", "{D5B7B337-1503-46FC-B693-C211F3F97899}"
EndProject
Project("{FAE04EC0-301F-11D3-BF4B-00C04F79EFBC}") = "BlazorCRUDApp.Client", "BlazorCRUDApp\Client\BlazorCRUDApp.Client.csproj", "{C937AC86-D455-467D-A150-AF6E631509E3}"
EndProject
Project("{FAE04EC0-301F-11D3-BF4B-00C04F79EFBC}") = "BlazorCRUDApp.Shared", "BlazorCRUDApp\Shared\BlazorCRUDApp.Shared.csproj", "{87A563BD-D674-4B91-BD73-229C023F17DF}"
EndProject
Global
	GlobalSection(SolutionConfigurationPlatforms) = preSolution
		Debug|Any CPU = Debug|Any CPU
		Release|Any CPU = Release|Any CPU
	EndGlobalSection
	GlobalSection(ProjectConfigurationPlatforms) = postSolution
		{D5B7B337-1503-46FC-B693-C211F3F97899}.Debug|Any CPU.ActiveCfg = Debug|Any CPU
		{D5B7B337-1503-46FC-B693-C211F3F97899}.Debug|Any CPU.Build.0 = Debug|Any CPU
		{D5B7B337-1503-46FC-B693-C211F3F97899}.Release|Any CPU.ActiveCfg = Release|Any CPU
		{D5B7B337-1503-46FC-B693-C211F3F97899}.Release|Any CPU.Build.0 = Release|Any CPU
		{C937AC86-D455-467D-A150-AF6E631509E3}.Debug|Any CPU.ActiveCfg = Debug|Any CPU
		{C937AC86-D455-467D-A150-AF6E631509E3}.Debug|Any CPU.Build.0 = Debug|Any CPU
		{C937AC86-D455-467D-A150-AF6E631509E3}.Release|Any CPU.ActiveCfg = Release|Any CPU
		{C937AC86-D455-467D-A150-AF6E631509E3}.Release|Any CPU.Build.0 = Release|Any CPU
		{87A563BD-D674-4B91-BD73-229C023F17DF}.Debug|Any CPU.ActiveCfg = Debug|Any CPU
		{87A563BD-D674-4B91-BD73-229C023F17DF}.Debug|Any CPU.Build.0 = Debug|Any CPU
		{87A563BD-D674-4B91-BD73-229C023F17DF}.Release|Any CPU.ActiveCfg = Release|Any CPU
		{87A563BD-D674-4B91-BD73-229C023F17DF}.Release|Any CPU.Build.0 = Release|Any CPU
	EndGlobalSection
	GlobalSection(SolutionProperties) = preSolution
		HideSolutionNode = FALSE
	EndGlobalSection
	GlobalSection(ExtensibilityGlobals) = postSolution
		SolutionGuid = {11D90E2B-3439-44B6-BC18-A79B7CDACE0E}
	EndGlobalSection
EndGlobal
